{
  "pins" : [
    {
      "identity" : "mirrordiffkit",
      "kind" : "remoteSourceControl",
      "location" : "https://github.com/Kuniwak/MirrorDiffKit.git",
      "state" : {
        "revision" : "8a4e0c645c2a7369527bfabe31af984a277b14ef",
        "version" : "5.0.1"
      }
    },
    {
      "identity" : "swift-argument-parser",
      "kind" : "remoteSourceControl",
      "location" : "https://github.com/apple/swift-argument-parser.git",
      "state" : {
        "revision" : "f3c9084a71ef4376f2fabbdf1d3d90a49f1fabdb",
        "version" : "1.1.2"
      }
    }
  ],
  "version" : 2
}
